
Microsoft Visual Studio Solution File, Format Version 12.00
# Visual Studio Version 17
VisualStudioVersion = 17.4.33403.182
MinimumVisualStudioVersion = 10.0.40219.1
Project("{FAE04EC0-301F-11D3-BF4B-00C04F79EFBC}") = "MedManagement", "MedManagement\MedManagement.csproj", "{FD2CB956-E8AA-44E0-94C5-C177CE953B34}"
EndProject
Global
	GlobalSection(SolutionConfigurationPlatforms) = preSolution
		Debug|Any CPU = Debug|Any CPU
		Release|Any CPU = Release|Any CPU
	EndGlobalSection
	GlobalSection(ProjectConfigurationPlatforms) = postSolution
		{FD2CB956-E8AA-44E0-94C5-C177CE953B34}.Debug|Any CPU.ActiveCfg = Debug|Any CPU
		{FD2CB956-E8AA-44E0-94C5-C177CE953B34}.Debug|Any CPU.Build.0 = Debug|Any CPU
		{FD2CB956-E8AA-44E0-94C5-C177CE953B34}.Release|Any CPU.ActiveCfg = Release|Any CPU
		{FD2CB956-E8AA-44E0-94C5-C177CE953B34}.Release|Any CPU.Build.0 = Release|Any CPU
	EndGlobalSection
	GlobalSection(SolutionProperties) = preSolution
		HideSolutionNode = FALSE
	EndGlobalSection
	GlobalSection(ExtensibilityGlobals) = postSolution
		SolutionGuid = {D387A447-B37A-4D5F-B105-A43716616BE0}
	EndGlobalSection
EndGlobal
